
Microsoft Visual Studio Solution File, Format Version 12.00
# Visual Studio 15
VisualStudioVersion = 15.0.28010.2046
MinimumVisualStudioVersion = 10.0.40219.1
Project("{FAE04EC0-301F-11D3-BF4B-00C04F79EFBC}") = "Evaluation", "Evaluation\Evaluation.csproj", "{173CAE89-4EB6-4A10-A5F5-497652B3F2F0}"
EndProject
Global
	GlobalSection(SolutionConfigurationPlatforms) = preSolution
		Debug|Any CPU = Debug|Any CPU
		Release|Any CPU = Release|Any CPU
	EndGlobalSection
	GlobalSection(ProjectConfigurationPlatforms) = postSolution
		{173CAE89-4EB6-4A10-A5F5-497652B3F2F0}.Debug|Any CPU.ActiveCfg = Debug|Any CPU
		{173CAE89-4EB6-4A10-A5F5-497652B3F2F0}.Debug|Any CPU.Build.0 = Debug|Any CPU
		{173CAE89-4EB6-4A10-A5F5-497652B3F2F0}.Release|Any CPU.ActiveCfg = Release|Any CPU
		{173CAE89-4EB6-4A10-A5F5-497652B3F2F0}.Release|Any CPU.Build.0 = Release|Any CPU
	EndGlobalSection
	GlobalSection(SolutionProperties) = preSolution
		HideSolutionNode = FALSE
	EndGlobalSection
	GlobalSection(ExtensibilityGlobals) = postSolution
		SolutionGuid = {874F193E-2FA9-436C-8102-3DC2E2B3F8C6}
	EndGlobalSection
EndGlobal
